
Microsoft Visual Studio Solution File, Format Version 10.00
# Visual Studio 2008
Project("{8BC9CEB8-8B4A-11D0-8D11-00A0C91BC942}") = "PBStart", "PBStart\PBStart.vcproj", "{1ECC5656-548D-4B11-B8F9-EBC2849CAEAD}"
EndProject
Global
	GlobalSection(SolutionConfigurationPlatforms) = preSolution
		Debug|Win32 = Debug|Win32
		Release|Win32 = Release|Win32
	EndGlobalSection
	GlobalSection(ProjectConfigurationPlatforms) = postSolution
		{1ECC5656-548D-4B11-B8F9-EBC2849CAEAD}.Debug|Win32.ActiveCfg = Debug|Win32
		{1ECC5656-548D-4B11-B8F9-EBC2849CAEAD}.Debug|Win32.Build.0 = Debug|Win32
		{1ECC5656-548D-4B11-B8F9-EBC2849CAEAD}.Release|Win32.ActiveCfg = Release|Win32
		{1ECC5656-548D-4B11-B8F9-EBC2849CAEAD}.Release|Win32.Build.0 = Release|Win32
	EndGlobalSection
	GlobalSection(SolutionProperties) = preSolution
		HideSolutionNode = FALSE
	EndGlobalSection
EndGlobal
